
Microsoft Visual Studio Solution File, Format Version 12.00
# Visual Studio Version 17
VisualStudioVersion = 17.13.35806.99 d17.13
MinimumVisualStudioVersion = 10.0.40219.1
Project("{FAE04EC0-301F-11D3-BF4B-00C04F79EFBC}") = "NeuroBuddyConsele", "NeuroBuddyConsele\NeuroBuddyConsele.csproj", "{9E290E83-FED7-44EF-89FC-EFF31C7A08AF}"
EndProject
Global
	GlobalSection(SolutionConfigurationPlatforms) = preSolution
		Debug|Any CPU = Debug|Any CPU
		Release|Any CPU = Release|Any CPU
	EndGlobalSection
	GlobalSection(ProjectConfigurationPlatforms) = postSolution
		{9E290E83-FED7-44EF-89FC-EFF31C7A08AF}.Debug|Any CPU.ActiveCfg = Debug|Any CPU
		{9E290E83-FED7-44EF-89FC-EFF31C7A08AF}.Debug|Any CPU.Build.0 = Debug|Any CPU
		{9E290E83-FED7-44EF-89FC-EFF31C7A08AF}.Release|Any CPU.ActiveCfg = Release|Any CPU
		{9E290E83-FED7-44EF-89FC-EFF31C7A08AF}.Release|Any CPU.Build.0 = Release|Any CPU
	EndGlobalSection
	GlobalSection(SolutionProperties) = preSolution
		HideSolutionNode = FALSE
	EndGlobalSection
	GlobalSection(ExtensibilityGlobals) = postSolution
		SolutionGuid = {4C17EBA0-E1CF-44F7-8E54-5733EE1F3F6A}
	EndGlobalSection
EndGlobal
